
Microsoft Visual Studio Solution File, Format Version 12.00
# Visual Studio 15
VisualStudioVersion = 15.0.27130.2020
MinimumVisualStudioVersion = 10.0.40219.1
Project("{FAE04EC0-301F-11D3-BF4B-00C04F79EFBC}") = "LoadPropertyInDifferentMethod", "LoadPropertyInDifferentMethod\LoadPropertyInDifferentMethod.csproj", "{6392AFEE-A022-407F-8DC0-59460B254FE2}"
EndProject
Project("{FAE04EC0-301F-11D3-BF4B-00C04F79EFBC}") = "LoadPropertyInSameMethod", "LoadPropertyInSameMethod\LoadPropertyInSameMethod.csproj", "{70170BFC-8ADE-416C-A26C-4C5BCC644291}"
EndProject
Project("{FAE04EC0-301F-11D3-BF4B-00C04F79EFBC}") = "AsyncAwaitRunMethod", "AsyncAwaitRunMethod\AsyncAwaitRunMethod.csproj", "{9E253520-03F0-4EC5-8B7A-01D59711ABF5}"
EndProject
Project("{FAE04EC0-301F-11D3-BF4B-00C04F79EFBC}") = "AsyncAwaitDoNotRunMethod", "AsyncAwaitDoNotRunMethod\AsyncAwaitDoNotRunMethod.csproj", "{3F9B13E3-C09C-417B-930B-839B62EE9C50}"
EndProject
Global
	GlobalSection(SolutionConfigurationPlatforms) = preSolution
		Debug|Any CPU = Debug|Any CPU
		Release|Any CPU = Release|Any CPU
	EndGlobalSection
	GlobalSection(ProjectConfigurationPlatforms) = postSolution
		{6392AFEE-A022-407F-8DC0-59460B254FE2}.Debug|Any CPU.ActiveCfg = Debug|Any CPU
		{6392AFEE-A022-407F-8DC0-59460B254FE2}.Debug|Any CPU.Build.0 = Debug|Any CPU
		{6392AFEE-A022-407F-8DC0-59460B254FE2}.Release|Any CPU.ActiveCfg = Release|Any CPU
		{6392AFEE-A022-407F-8DC0-59460B254FE2}.Release|Any CPU.Build.0 = Release|Any CPU
		{70170BFC-8ADE-416C-A26C-4C5BCC644291}.Debug|Any CPU.ActiveCfg = Debug|Any CPU
		{70170BFC-8ADE-416C-A26C-4C5BCC644291}.Debug|Any CPU.Build.0 = Debug|Any CPU
		{70170BFC-8ADE-416C-A26C-4C5BCC644291}.Release|Any CPU.ActiveCfg = Release|Any CPU
		{70170BFC-8ADE-416C-A26C-4C5BCC644291}.Release|Any CPU.Build.0 = Release|Any CPU
		{9E253520-03F0-4EC5-8B7A-01D59711ABF5}.Debug|Any CPU.ActiveCfg = Debug|Any CPU
		{9E253520-03F0-4EC5-8B7A-01D59711ABF5}.Debug|Any CPU.Build.0 = Debug|Any CPU
		{9E253520-03F0-4EC5-8B7A-01D59711ABF5}.Release|Any CPU.ActiveCfg = Release|Any CPU
		{9E253520-03F0-4EC5-8B7A-01D59711ABF5}.Release|Any CPU.Build.0 = Release|Any CPU
		{3F9B13E3-C09C-417B-930B-839B62EE9C50}.Debug|Any CPU.ActiveCfg = Debug|Any CPU
		{3F9B13E3-C09C-417B-930B-839B62EE9C50}.Debug|Any CPU.Build.0 = Debug|Any CPU
		{3F9B13E3-C09C-417B-930B-839B62EE9C50}.Release|Any CPU.ActiveCfg = Release|Any CPU
		{3F9B13E3-C09C-417B-930B-839B62EE9C50}.Release|Any CPU.Build.0 = Release|Any CPU
	EndGlobalSection
	GlobalSection(SolutionProperties) = preSolution
		HideSolutionNode = FALSE
	EndGlobalSection
	GlobalSection(ExtensibilityGlobals) = postSolution
		SolutionGuid = {D52DE1ED-8B07-4EC7-84F0-6C84FE3BA605}
	EndGlobalSection
EndGlobal
